// !$*UTF8*$!
{
	archiveVersion = 1;
	classes = {
	};
	objectVersion = 56;
	objects = {
		0615050D04BD2DC4E6CFFAFF = {
			isa = XCBuildConfiguration;
			buildSettings = {
				PRODUCT_NAME = FokusWald;
				PRODUCT_BUNDLE_IDENTIFIER = io.github.alexx161.fokuswald;
				INFOPLIST_FILE = FokusWald/Info.plist;
				INFOPLIST_KEY_CFBundleDisplayName = "Fokus-Wald";
				INFOPLIST_KEY_LSApplicationCategoryType = "public.app-category.productivity";
				INFOPLIST_KEY_UILaunchScreen_Generation = YES;
				INFOPLIST_KEY_UIApplicationSceneManifest_Generation = YES;
				INFOPLIST_KEY_UIApplicationSupportsIndirectInputEvents = YES;
				INFOPLIST_KEY_UISupportedInterfaceOrientations_iPhone = "UIInterfaceOrientationPortrait UIInterfaceOrientationLandscapeLeft UIInterfaceOrientationLandscapeRight";
				INFOPLIST_KEY_UISupportedInterfaceOrientations_iPad = "UIInterfaceOrientationPortrait UIInterfaceOrientationLandscapeLeft UIInterfaceOrientationLandscapeRight UIInterfaceOrientationPortraitUpsideDown";
				ASSETCATALOG_COMPILER_APPICON_NAME = AppIcon;
				LD_RUNPATH_SEARCH_PATHS = "$(inherited) @executable_path/Frameworks";
			};
			name = Debug;
		};
		0661F517A86C8F5C87C0EDBA = {
			isa = PBXNativeTarget;
			buildConfigurationList = 8B429FCF8E65333911689421;
			buildPhases = (
				37A859133C5B7A49CE597D35,
				11EF39465FB5B37CF41E367D,
				B56E96530BC9DC2EBA288692,
			);
			buildRules = (
			);
			dependencies = (
			);
			name = FokusWaldWidgets;
			productName = FokusWaldWidgets;
			productReference = 1B442E42980596EBCD246D51;
			productType = "com.apple.product-type.app-extension";
		};
		0CFCB5B7FC557F4CD862267A = {
			isa = PBXBuildFile;
			fileRef = CC3D06682286477CACE58668;
		};
		1133906371521941D8005C5D = {
			isa = PBXBuildFile;
			fileRef = 1A24533473E124F2D9784859;
		};
		11EF39465FB5B37CF41E367D = {
			isa = PBXFrameworksBuildPhase;
			buildActionMask = 2147483647;
			files = (
			);
			runOnlyForDeploymentPostprocessing = 0;
		};
		14A2D90FB03AEDA943DA1B69 = {
			isa = PBXFileReference;
			lastKnownFileType = sourcecode.swift;
			name = Components.swift;
			path = ../FocusForest/Sources/FocusForest/Components.swift;
			sourceTree = SOURCE_ROOT;
		};
		157167A57CD89E6F630B7340 = {
			isa = PBXFileReference;
			lastKnownFileType = text.plist.xml;
			name = Info.plist;
			path = Widgets/Info.plist;
			sourceTree = SOURCE_ROOT;
		};
		17C46ADD931B99D43FE9BF43 = {
			isa = PBXBuildFile;
			fileRef = FB04B078592ECC046AB4C2BE;
		};
		1A24533473E124F2D9784859 = {
			isa = PBXFileReference;
			lastKnownFileType = sourcecode.swift;
			name = FokusWaldApp.swift;
			path = FokusWald/FokusWaldApp.swift;
			sourceTree = SOURCE_ROOT;
		};
		1B442E42980596EBCD246D51 = {
			isa = PBXFileReference;
			explicitFileType = "wrapper.app-extension";
			includeInIndex = 0;
			path = FokusWaldWidgets.appex;
			sourceTree = BUILT_PRODUCTS_DIR;
		};
		1BC741F607AD752E1B7B6AFF = {
			isa = PBXFileReference;
			lastKnownFileType = sourcecode.swift;
			name = Living.swift;
			path = ../FocusForest/Sources/FocusForest/Living.swift;
			sourceTree = SOURCE_ROOT;
		};
		1D97B77EAD2380603A3F2A82 = {
			isa = XCConfigurationList;
			buildConfigurations = (
				0615050D04BD2DC4E6CFFAFF,
				2761849A6D0E26CA4E1817A1,
			);
			defaultConfigurationIsVisible = 0;
			defaultConfigurationName = Release;
		};
		1F4E3D13C2320EDA50221924 = {
			isa = XCConfigurationList;
			buildConfigurations = (
				4A43692AD8BCEEB8B727C85B,
				C28449456A5A705A7479770B,
			);
			defaultConfigurationIsVisible = 0;
			defaultConfigurationName = Release;
		};
		209A026EF8858A71652EC350 = {
			isa = PBXGroup;
			children = (
				530F2D991FE15C9C743F3F1B,
				D1D0524B025E57AFFF263442,
				59F3DBA0E87FF5F4E4AB4518,
				2F3A6B1E78F896718625FF06,
			);
			name = FokusWald;
			sourceTree = "<group>";
		};
		2400F71B974292CB576F1869 = {
			isa = XCBuildConfiguration;
			buildSettings = {
				PRODUCT_NAME = FokusWaldWidgets;
				PRODUCT_BUNDLE_IDENTIFIER = io.github.alexx161.fokuswald.widgets;
				INFOPLIST_FILE = Widgets/Info.plist;
				INFOPLIST_KEY_CFBundleDisplayName = "Fokus-Wald";
				SKIP_INSTALL = YES;
				APPLICATION_EXTENSION_API_ONLY = YES;
				LD_RUNPATH_SEARCH_PATHS = "$(inherited) @executable_path/Frameworks @executable_path/../../Frameworks";
			};
			name = Release;
		};
		245B807FBC981083450FABD4 = {
			isa = PBXFileReference;
			lastKnownFileType = sourcecode.swift;
			name = FokusWaldWidgets.swift;
			path = Widgets/FokusWaldWidgets.swift;
			sourceTree = SOURCE_ROOT;
		};
		26D0FF1C15B86D0989FCD457 = {
			isa = PBXBuildFile;
			fileRef = 245B807FBC981083450FABD4;
		};
		275015B2EB95D73800B6E0B5 = {
			isa = PBXBuildFile;
			fileRef = E97A14695107DE84D43967A0;
		};
		2761849A6D0E26CA4E1817A1 = {
			isa = XCBuildConfiguration;
			buildSettings = {
				PRODUCT_NAME = FokusWald;
				PRODUCT_BUNDLE_IDENTIFIER = io.github.alexx161.fokuswald;
				INFOPLIST_FILE = FokusWald/Info.plist;
				INFOPLIST_KEY_CFBundleDisplayName = "Fokus-Wald";
				INFOPLIST_KEY_LSApplicationCategoryType = "public.app-category.productivity";
				INFOPLIST_KEY_UILaunchScreen_Generation = YES;
				INFOPLIST_KEY_UIApplicationSceneManifest_Generation = YES;
				INFOPLIST_KEY_UIApplicationSupportsIndirectInputEvents = YES;
				INFOPLIST_KEY_UISupportedInterfaceOrientations_iPhone = "UIInterfaceOrientationPortrait UIInterfaceOrientationLandscapeLeft UIInterfaceOrientationLandscapeRight";
				INFOPLIST_KEY_UISupportedInterfaceOrientations_iPad = "UIInterfaceOrientationPortrait UIInterfaceOrientationLandscapeLeft UIInterfaceOrientationLandscapeRight UIInterfaceOrientationPortraitUpsideDown";
				ASSETCATALOG_COMPILER_APPICON_NAME = AppIcon;
				LD_RUNPATH_SEARCH_PATHS = "$(inherited) @executable_path/Frameworks";
			};
			name = Release;
		};
		2F3A6B1E78F896718625FF06 = {
			isa = PBXGroup;
			children = (
				84337AD8D27FCD69AF2C4FC2,
				1B442E42980596EBCD246D51,
			);
			name = Products;
			sourceTree = "<group>";
		};
		306F665D3F643837E5A0F8B7 = {
			isa = PBXBuildFile;
			fileRef = 619F56CA4F6CD780F502C31C;
		};
		3767089F7E3E2D6F95DF1B0E = {
			isa = PBXBuildFile;
			fileRef = DA666B719D7E3C91401D719F;
		};
		37A859133C5B7A49CE597D35 = {
			isa = PBXSourcesBuildPhase;
			buildActionMask = 2147483647;
			files = (
				D78A571002D786388860C054,
				17C46ADD931B99D43FE9BF43,
				886DDCCDD5C77D0340D35788,
				C9EF669790BCBA56C044BF53,
				26D0FF1C15B86D0989FCD457,
			);
			runOnlyForDeploymentPostprocessing = 0;
		};
		4303C5C654FF6990D42F4EF2 = {
			isa = PBXFileReference;
			lastKnownFileType = sourcecode.swift;
			name = OverviewViews.swift;
			path = ../FocusForest/Sources/FocusForest/OverviewViews.swift;
			sourceTree = SOURCE_ROOT;
		};
		46F86FAA6BBF9AC94A7E4595 = {
			isa = PBXProject;
			attributes = {
				BuildIndependentTargetsInParallel = 1;
				LastSwiftUpdateCheck = 2700;
				LastUpgradeCheck = 2700;
				TargetAttributes = {
					E3435DDA2687639586BF0B70 = {
						CreatedOnToolsVersion = 27.0;
					};
					0661F517A86C8F5C87C0EDBA = {
						CreatedOnToolsVersion = 27.0;
					};
				};
			};
			buildConfigurationList = 1F4E3D13C2320EDA50221924;
			compatibilityVersion = "Xcode 14.0";
			developmentRegion = de;
			hasScannedForEncodings = 0;
			knownRegions = (
				de,
				Base,
				en,
			);
			mainGroup = 209A026EF8858A71652EC350;
			productRefGroup = 2F3A6B1E78F896718625FF06;
			projectDirPath = "";
			projectRoot = "";
			targets = (
				E3435DDA2687639586BF0B70,
				0661F517A86C8F5C87C0EDBA,
			);
		};
		4821909E9BF9E73E471FEA84 = {
			isa = PBXSourcesBuildPhase;
			buildActionMask = 2147483647;
			files = (
				B31469A2F15E91CF5D3D992A,
				F40FE84A87A09CE0744A4E5D,
				0CFCB5B7FC557F4CD862267A,
				9FE34632443A575A64041A0E,
				9F8A8AA094EEBA05124486F7,
				8BE055EACADF721CBF330DEE,
				6DA11045BBB5AFCA04F2EAB6,
				EF09A8AEF7D17AF9BBCB9CE2,
				306F665D3F643837E5A0F8B7,
				F6306374774F42E477FCFF66,
				275015B2EB95D73800B6E0B5,
				DAB00E39340B88B7C64D00AA,
				ED04B18CE106CEF857F213A4,
				1133906371521941D8005C5D,
				55EA1864EBE3A5D9EEEF715D,
				CCE998A1626627B2B26249E1,
				F8072C5DB1B318E43CDE3943,
			);
			runOnlyForDeploymentPostprocessing = 0;
		};
		496AF46EC2762DDF91F78F13 = {
			isa = PBXCopyFilesBuildPhase;
			buildActionMask = 2147483647;
			files = (
				DD33208A946592AC31F61A37,
			);
			runOnlyForDeploymentPostprocessing = 0;
			dstPath = "";
			dstSubfolderSpec = 13;
			name = "Embed Foundation Extensions";
		};
		4A43692AD8BCEEB8B727C85B = {
			isa = XCBuildConfiguration;
			buildSettings = {
				ALWAYS_SEARCH_USER_PATHS = NO;
				CLANG_ENABLE_MODULES = YES;
				ENABLE_USER_SCRIPT_SANDBOXING = YES;
				IPHONEOS_DEPLOYMENT_TARGET = 17.0;
				SDKROOT = iphoneos;
				SWIFT_VERSION = 5.0;
				TARGETED_DEVICE_FAMILY = "1,2";
				MARKETING_VERSION = 1.0;
				CURRENT_PROJECT_VERSION = 1;
				CODE_SIGN_STYLE = Automatic;
				GENERATE_INFOPLIST_FILE = YES;
				SWIFT_EMIT_LOC_STRINGS = NO;
				COPY_PHASE_STRIP = NO;
				DEBUG_INFORMATION_FORMAT = dwarf;
				ENABLE_TESTABILITY = YES;
				GCC_OPTIMIZATION_LEVEL = 0;
				ONLY_ACTIVE_ARCH = YES;
				SWIFT_ACTIVE_COMPILATION_CONDITIONS = DEBUG;
				SWIFT_OPTIMIZATION_LEVEL = "-Onone";
			};
			name = Debug;
		};
		51F09AF9B76B32B64DDB1248 = {
			isa = PBXFileReference;
			lastKnownFileType = text.plist.xml;
			name = Info.plist;
			path = FokusWald/Info.plist;
			sourceTree = SOURCE_ROOT;
		};
		530F2D991FE15C9C743F3F1B = {
			isa = PBXGroup;
			children = (
				BA77760551A1A1FE2C54BB9A,
				14A2D90FB03AEDA943DA1B69,
				90A8CBC5F4D88C2C836C57ED,
				E97A14695107DE84D43967A0,
				C81F9F46425DD6A51BB9EE7B,
				F9441C0EF4F13FAE9ADB468E,
				1BC741F607AD752E1B7B6AFF,
				E1E4E8D79C23168EA253AE18,
				4303C5C654FF6990D42F4EF2,
				CC3D06682286477CACE58668,
				619F56CA4F6CD780F502C31C,
				FB04B078592ECC046AB4C2BE,
				E30686AF35567AE2821CC4BC,
			);
			name = "Gemeinsam mit Mac-App";
			sourceTree = "<group>";
		};
		55EA1864EBE3A5D9EEEF715D = {
			isa = PBXBuildFile;
			fileRef = 743C23A4B1CAC5F7AA6D8BF3;
		};
		59F3DBA0E87FF5F4E4AB4518 = {
			isa = PBXGroup;
			children = (
				B536B763415C046DD3A33627,
				245B807FBC981083450FABD4,
				157167A57CD89E6F630B7340,
			);
			name = "Live-Anzeige";
			sourceTree = "<group>";
		};
		5C3301E68663C5413CF44543 = {
			isa = PBXFileReference;
			lastKnownFileType = sourcecode.swift;
			name = TimerScreen.swift;
			path = FokusWald/TimerScreen.swift;
			sourceTree = SOURCE_ROOT;
		};
		619F56CA4F6CD780F502C31C = {
			isa = PBXFileReference;
			lastKnownFileType = sourcecode.swift;
			name = SessionViews.swift;
			path = ../FocusForest/Sources/FocusForest/SessionViews.swift;
			sourceTree = SOURCE_ROOT;
		};
		6DA11045BBB5AFCA04F2EAB6 = {
			isa = PBXBuildFile;
			fileRef = BA77760551A1A1FE2C54BB9A;
		};
		6EFAB1ECC0D092E20FE51FCD = {
			isa = PBXFrameworksBuildPhase;
			buildActionMask = 2147483647;
			files = (
			);
			runOnlyForDeploymentPostprocessing = 0;
		};
		743C23A4B1CAC5F7AA6D8BF3 = {
			isa = PBXFileReference;
			lastKnownFileType = sourcecode.swift;
			name = AppModel.swift;
			path = FokusWald/AppModel.swift;
			sourceTree = SOURCE_ROOT;
		};
		84337AD8D27FCD69AF2C4FC2 = {
			isa = PBXFileReference;
			explicitFileType = wrapper.application;
			includeInIndex = 0;
			path = FokusWald.app;
			sourceTree = BUILT_PRODUCTS_DIR;
		};
		886DDCCDD5C77D0340D35788 = {
			isa = PBXBuildFile;
			fileRef = CC3D06682286477CACE58668;
		};
		8B429FCF8E65333911689421 = {
			isa = XCConfigurationList;
			buildConfigurations = (
				F6BAC4A516C70E3DCDCADAFC,
				2400F71B974292CB576F1869,
			);
			defaultConfigurationIsVisible = 0;
			defaultConfigurationName = Release;
		};
		8BE055EACADF721CBF330DEE = {
			isa = PBXBuildFile;
			fileRef = 90A8CBC5F4D88C2C836C57ED;
		};
		90A8CBC5F4D88C2C836C57ED = {
			isa = PBXFileReference;
			lastKnownFileType = sourcecode.swift;
			name = Core.swift;
			path = ../FocusForest/Sources/FocusForest/Core.swift;
			sourceTree = SOURCE_ROOT;
		};
		99E6A51DA0B86FE48AEB34ED = {
			isa = PBXContainerItemProxy;
			containerPortal = 46F86FAA6BBF9AC94A7E4595;
			proxyType = 1;
			remoteGlobalIDString = 0661F517A86C8F5C87C0EDBA;
			remoteInfo = FokusWaldWidgets;
		};
		9F8A8AA094EEBA05124486F7 = {
			isa = PBXBuildFile;
			fileRef = 1BC741F607AD752E1B7B6AFF;
		};
		9FE34632443A575A64041A0E = {
			isa = PBXBuildFile;
			fileRef = C81F9F46425DD6A51BB9EE7B;
		};
		B31469A2F15E91CF5D3D992A = {
			isa = PBXBuildFile;
			fileRef = E30686AF35567AE2821CC4BC;
		};
		B536B763415C046DD3A33627 = {
			isa = PBXFileReference;
			lastKnownFileType = sourcecode.swift;
			name = FocusActivityAttributes.swift;
			path = Shared/FocusActivityAttributes.swift;
			sourceTree = SOURCE_ROOT;
		};
		B56E96530BC9DC2EBA288692 = {
			isa = PBXResourcesBuildPhase;
			buildActionMask = 2147483647;
			files = (
			);
			runOnlyForDeploymentPostprocessing = 0;
		};
		BA77760551A1A1FE2C54BB9A = {
			isa = PBXFileReference;
			lastKnownFileType = sourcecode.swift;
			name = Backup.swift;
			path = ../FocusForest/Sources/FocusForest/Backup.swift;
			sourceTree = SOURCE_ROOT;
		};
		C28449456A5A705A7479770B = {
			isa = XCBuildConfiguration;
			buildSettings = {
				ALWAYS_SEARCH_USER_PATHS = NO;
				CLANG_ENABLE_MODULES = YES;
				ENABLE_USER_SCRIPT_SANDBOXING = YES;
				IPHONEOS_DEPLOYMENT_TARGET = 17.0;
				SDKROOT = iphoneos;
				SWIFT_VERSION = 5.0;
				TARGETED_DEVICE_FAMILY = "1,2";
				MARKETING_VERSION = 1.0;
				CURRENT_PROJECT_VERSION = 1;
				CODE_SIGN_STYLE = Automatic;
				GENERATE_INFOPLIST_FILE = YES;
				SWIFT_EMIT_LOC_STRINGS = NO;
				COPY_PHASE_STRIP = NO;
				DEBUG_INFORMATION_FORMAT = "dwarf-with-dsym";
				SWIFT_COMPILATION_MODE = wholemodule;
				SWIFT_OPTIMIZATION_LEVEL = "-O";
				VALIDATE_PRODUCT = YES;
			};
			name = Release;
		};
		C81F9F46425DD6A51BB9EE7B = {
			isa = PBXFileReference;
			lastKnownFileType = sourcecode.swift;
			name = IslandPainter.swift;
			path = ../FocusForest/Sources/FocusForest/IslandPainter.swift;
			sourceTree = SOURCE_ROOT;
		};
		C9EF669790BCBA56C044BF53 = {
			isa = PBXBuildFile;
			fileRef = B536B763415C046DD3A33627;
		};
		CC3D06682286477CACE58668 = {
			isa = PBXFileReference;
			lastKnownFileType = sourcecode.swift;
			name = PlantPainter.swift;
			path = ../FocusForest/Sources/FocusForest/PlantPainter.swift;
			sourceTree = SOURCE_ROOT;
		};
		CCE998A1626627B2B26249E1 = {
			isa = PBXBuildFile;
			fileRef = 5C3301E68663C5413CF44543;
		};
		D1D0524B025E57AFFF263442 = {
			isa = PBXGroup;
			children = (
				1A24533473E124F2D9784859,
				743C23A4B1CAC5F7AA6D8BF3,
				5C3301E68663C5413CF44543,
				DA666B719D7E3C91401D719F,
				51F09AF9B76B32B64DDB1248,
			);
			name = App;
			sourceTree = "<group>";
		};
		D78A571002D786388860C054 = {
			isa = PBXBuildFile;
			fileRef = E30686AF35567AE2821CC4BC;
		};
		DA666B719D7E3C91401D719F = {
			isa = PBXFileReference;
			lastKnownFileType = folder.assetcatalog;
			name = Assets.xcassets;
			path = FokusWald/Assets.xcassets;
			sourceTree = SOURCE_ROOT;
		};
		DAB00E39340B88B7C64D00AA = {
			isa = PBXBuildFile;
			fileRef = 4303C5C654FF6990D42F4EF2;
		};
		DD33208A946592AC31F61A37 = {
			isa = PBXBuildFile;
			fileRef = 1B442E42980596EBCD246D51;
			settings = {
				ATTRIBUTES = (
					RemoveHeadersOnCopy,
				);
			};
		};
		E1E4E8D79C23168EA253AE18 = {
			isa = PBXFileReference;
			lastKnownFileType = sourcecode.swift;
			name = Onboarding.swift;
			path = ../FocusForest/Sources/FocusForest/Onboarding.swift;
			sourceTree = SOURCE_ROOT;
		};
		E30686AF35567AE2821CC4BC = {
			isa = PBXFileReference;
			lastKnownFileType = sourcecode.swift;
			name = Theme.swift;
			path = ../FocusForest/Sources/FocusForest/Theme.swift;
			sourceTree = SOURCE_ROOT;
		};
		E3435DDA2687639586BF0B70 = {
			isa = PBXNativeTarget;
			buildConfigurationList = 1D97B77EAD2380603A3F2A82;
			buildPhases = (
				4821909E9BF9E73E471FEA84,
				6EFAB1ECC0D092E20FE51FCD,
				F667297ED3AB90EAC07798D4,
				496AF46EC2762DDF91F78F13,
			);
			buildRules = (
			);
			dependencies = (
				F78D8F997A3DF3A317629BBA,
			);
			name = FokusWald;
			productName = FokusWald;
			productReference = 84337AD8D27FCD69AF2C4FC2;
			productType = "com.apple.product-type.application";
		};
		E97A14695107DE84D43967A0 = {
			isa = PBXFileReference;
			lastKnownFileType = sourcecode.swift;
			name = IslandExport.swift;
			path = ../FocusForest/Sources/FocusForest/IslandExport.swift;
			sourceTree = SOURCE_ROOT;
		};
		ED04B18CE106CEF857F213A4 = {
			isa = PBXBuildFile;
			fileRef = E1E4E8D79C23168EA253AE18;
		};
		EF09A8AEF7D17AF9BBCB9CE2 = {
			isa = PBXBuildFile;
			fileRef = 14A2D90FB03AEDA943DA1B69;
		};
		F40FE84A87A09CE0744A4E5D = {
			isa = PBXBuildFile;
			fileRef = FB04B078592ECC046AB4C2BE;
		};
		F6306374774F42E477FCFF66 = {
			isa = PBXBuildFile;
			fileRef = F9441C0EF4F13FAE9ADB468E;
		};
		F667297ED3AB90EAC07798D4 = {
			isa = PBXResourcesBuildPhase;
			buildActionMask = 2147483647;
			files = (
				3767089F7E3E2D6F95DF1B0E,
			);
			runOnlyForDeploymentPostprocessing = 0;
		};
		F6BAC4A516C70E3DCDCADAFC = {
			isa = XCBuildConfiguration;
			buildSettings = {
				PRODUCT_NAME = FokusWaldWidgets;
				PRODUCT_BUNDLE_IDENTIFIER = io.github.alexx161.fokuswald.widgets;
				INFOPLIST_FILE = Widgets/Info.plist;
				INFOPLIST_KEY_CFBundleDisplayName = "Fokus-Wald";
				SKIP_INSTALL = YES;
				APPLICATION_EXTENSION_API_ONLY = YES;
				LD_RUNPATH_SEARCH_PATHS = "$(inherited) @executable_path/Frameworks @executable_path/../../Frameworks";
			};
			name = Debug;
		};
		F78D8F997A3DF3A317629BBA = {
			isa = PBXTargetDependency;
			target = 0661F517A86C8F5C87C0EDBA;
			targetProxy = 99E6A51DA0B86FE48AEB34ED;
		};
		F8072C5DB1B318E43CDE3943 = {
			isa = PBXBuildFile;
			fileRef = B536B763415C046DD3A33627;
		};
		F9441C0EF4F13FAE9ADB468E = {
			isa = PBXFileReference;
			lastKnownFileType = sourcecode.swift;
			name = IslandView.swift;
			path = ../FocusForest/Sources/FocusForest/IslandView.swift;
			sourceTree = SOURCE_ROOT;
		};
		FB04B078592ECC046AB4C2BE = {
			isa = PBXFileReference;
			lastKnownFileType = sourcecode.swift;
			name = Species.swift;
			path = ../FocusForest/Sources/FocusForest/Species.swift;
			sourceTree = SOURCE_ROOT;
		};
	};
	rootObject = 46F86FAA6BBF9AC94A7E4595;
}
